
Microsoft Visual Studio Solution File, Format Version 12.00
# Visual Studio Version 17
VisualStudioVersion = 17.14.37328.6 d17.14
MinimumVisualStudioVersion = 10.0.40219.1
Project("{FAE04EC0-301F-11D3-BF4B-00C04F79EFBC}") = "FINANCIERE_SCOLAIRE", "FINANCIERE_SCOLAIRE\FINANCIERE_SCOLAIRE.csproj", "{10D6EA7C-407B-4799-8795-D4B4C22485D4}"
EndProject
Global
	GlobalSection(SolutionConfigurationPlatforms) = preSolution
		Debug|Any CPU = Debug|Any CPU
		Release|Any CPU = Release|Any CPU
	EndGlobalSection
	GlobalSection(ProjectConfigurationPlatforms) = postSolution
		{10D6EA7C-407B-4799-8795-D4B4C22485D4}.Debug|Any CPU.ActiveCfg = Debug|Any CPU
		{10D6EA7C-407B-4799-8795-D4B4C22485D4}.Debug|Any CPU.Build.0 = Debug|Any CPU
		{10D6EA7C-407B-4799-8795-D4B4C22485D4}.Release|Any CPU.ActiveCfg = Release|Any CPU
		{10D6EA7C-407B-4799-8795-D4B4C22485D4}.Release|Any CPU.Build.0 = Release|Any CPU
	EndGlobalSection
	GlobalSection(SolutionProperties) = preSolution
		HideSolutionNode = FALSE
	EndGlobalSection
	GlobalSection(ExtensibilityGlobals) = postSolution
		SolutionGuid = {6BA7EA1E-9728-43DB-8D71-1C75502E6692}
	EndGlobalSection
EndGlobal
